
Microsoft Visual Studio Solution File, Format Version 12.00
# Visual Studio Version 16
VisualStudioVersion = 16.0.31402.337
MinimumVisualStudioVersion = 10.0.40219.1
Project("{9A19103F-16F7-4668-BE54-9A1E7A4F7556}") = "ReplayBattleRoyal", "ReplayBattleRoyal\ReplayBattleRoyal.csproj", "{BF6AB58D-27EC-458E-B20F-4ABB57344A9D}"
EndProject
Global
	GlobalSection(SolutionConfigurationPlatforms) = preSolution
		Debug|Any CPU = Debug|Any CPU
		Release|Any CPU = Release|Any CPU
	EndGlobalSection
	GlobalSection(ProjectConfigurationPlatforms) = postSolution
		{BF6AB58D-27EC-458E-B20F-4ABB57344A9D}.Debug|Any CPU.ActiveCfg = Debug|Any CPU
		{BF6AB58D-27EC-458E-B20F-4ABB57344A9D}.Debug|Any CPU.Build.0 = Debug|Any CPU
		{BF6AB58D-27EC-458E-B20F-4ABB57344A9D}.Release|Any CPU.ActiveCfg = Release|Any CPU
		{BF6AB58D-27EC-458E-B20F-4ABB57344A9D}.Release|Any CPU.Build.0 = Release|Any CPU
	EndGlobalSection
	GlobalSection(SolutionProperties) = preSolution
		HideSolutionNode = FALSE
	EndGlobalSection
	GlobalSection(ExtensibilityGlobals) = postSolution
		SolutionGuid = {43376B87-F990-42A2-A248-D022BD1DFE73}
	EndGlobalSection
EndGlobal
